// !$*UTF8*$!
{
	archiveVersion = 1;
	classes = {
	};
	objectVersion = 46;
	objects = {

/* Begin PBXBuildFile section */
		2A8C5B501C6C21C8001FF1ED /* AppDelegate.swift in Sources */ = {isa = PBXBuildFile; fileRef = 2A8C5B4F1C6C21C8001FF1ED /* AppDelegate.swift */; };
		2A8C5B521C6C21C8001FF1ED /* ViewController.swift in Sources */ = {isa = PBXBuildFile; fileRef = 2A8C5B511C6C21C8001FF1ED /* ViewController.swift */; };
		2A8C5B551C6C21C8001FF1ED /* Main.storyboard in Resources */ = {isa = PBXBuildFile; fileRef = 2A8C5B531C6C21C8001FF1ED /* Main.storyboard */; };
		2A8C5B571C6C21C8001FF1ED /* Assets.xcassets in Resources */ = {isa = PBXBuildFile; fileRef = 2A8C5B561C6C21C8001FF1ED /* Assets.xcassets */; };
		2A8C5B5A1C6C21C8001FF1ED /* LaunchScreen.storyboard in Resources */ = {isa = PBXBuildFile; fileRef = 2A8C5B581C6C21C8001FF1ED /* LaunchScreen.storyboard */; };
/* End PBXBuildFile section */

/* Begin PBXFileReference section */
		2A8C5B4C1C6C21C8001FF1ED /* SuperCool.app */ = {isa = PBXFileReference; explicitFileType = wrapper.application; includeInIndex = 0; path = SuperCool.app; sourceTree = BUILT_PRODUCTS_DIR; };
		2A8C5B4F1C6C21C8001FF1ED /* AppDelegate.swift */ = {isa = PBXFileReference; lastKnownFileType = sourcecode.swift; path = AppDelegate.swift; sourceTree = "<group>"; };
		2A8C5B511C6C21C8001FF1ED /* ViewController.swift */ = {isa = PBXFileReference; lastKnownFileType = sourcecode.swift; path = ViewController.swift; sourceTree = "<group>"; };
		2A8C5B541C6C21C8001FF1ED /* Base */ = {isa = PBXFileReference; lastKnownFileType = file.storyboard; name = Base; path = Base.lproj/Main.storyboard; sourceTree = "<group>"; };
		2A8C5B561C6C21C8001FF1ED /* Assets.xcassets */ = {isa = PBXFileReference; lastKnownFileType = folder.assetcatalog; path = Assets.xcassets; sourceTree = "<group>"; };
		2A8C5B591C6C21C8001FF1ED /* Base */ = {isa = PBXFileReference; lastKnownFileType = file.storyboard; name = Base; path = Base.lproj/LaunchScreen.storyboard; sourceTree = "<group>"; };
		2A8C5B5B1C6C21C8001FF1ED /* Info.plist */ = {isa = PBXFileReference; lastKnownFileType = text.plist.xml; path = Info.plist; sourceTree = "<group>"; };
/* End PBXFileReference section */

/* Begin PBXFrameworksBuildPhase section */
		2A8C5B491C6C21C8001FF1ED /* Frameworks */ = {
			isa = PBXFrameworksBuildPhase;
			buildActionMask = 2147483647;
			files = (
			);
			runOnlyForDeploymentPostprocessing = 0;
		};
/* End PBXFrameworksBuildPhase section */

/* Begin PBXGroup section */
		2A8C5B431C6C21C8001FF1ED = {
			isa = PBXGroup;
			children = (
				2A8C5B4E1C6C21C8001FF1ED /* SuperCool */,
				2A8C5B4D1C6C21C8001FF1ED /* Products */,
			);
			sourceTree = "<group>";
		};
		2A8C5B4D1C6C21C8001FF1ED /* Products */ = {
			isa = PBXGroup;
			children = (
				2A8C5B4C1C6C21C8001FF1ED /* SuperCool.app */,
			);
			name = Products;
			sourceTree = "<group>";
		};
		2A8C5B4E1C6C21C8001FF1ED /* SuperCool */ = {
			isa = PBXGroup;
			children = (
				2A8C5B4F1C6C21C8001FF1ED /* AppDelegate.swift */,
				2A8C5B511C6C21C8001FF1ED /* ViewController.swift */,
				2A8C5B531C6C21C8001FF1ED /* Main.storyboard */,
				2A8C5B561C6C21C8001FF1ED /* Assets.xcassets */,
				2A8C5B581C6C21C8001FF1ED /* LaunchScreen.storyboard */,
				2A8C5B5B1C6C21C8001FF1ED /* Info.plist */,
			);
			path = SuperCool;
			sourceTree = "<group>";
		};
/* End PBXGroup section */

/* Begin PBXNativeTarget section */
		2A8C5B4B1C6C21C8001FF1ED /* SuperCool */ = {
			isa = PBXNativeTarget;
			buildConfigurationList = 2A8C5B5E1C6C21C8001FF1ED /* Build configuration list for PBXNativeTarget "SuperCool" */;
			buildPhases = (
				2A8C5B481C6C21C8001FF1ED /* Sources */,
				2A8C5B491C6C21C8001FF1ED /* Frameworks */,
				2A8C5B4A1C6C21C8001FF1ED /* Resources */,
			);
			buildRules = (
			);
			dependencies = (
			);
			name = SuperCool;
			productName = SuperCool;
			productReference = 2A8C5B4C1C6C21C8001FF1ED /* SuperCool.app */;
			productType = "com.apple.product-type.application";
		};
/* End PBXNativeTarget section */

/* Begin PBXProject section */
		2A8C5B441C6C21C8001FF1ED /* Project object */ = {
			isa = PBXProject;
			attributes = {
				LastSwiftUpdateCheck = 0720;
				LastUpgradeCheck = 0720;
				ORGANIZATIONNAME = lily;
				TargetAttributes = {
					2A8C5B4B1C6C21C8001FF1ED = {
						CreatedOnToolsVersion = 7.2.1;
					};
				};
			};
			buildConfigurationList = 2A8C5B471C6C21C8001FF1ED /* Build configuration list for PBXProject "SuperCool" */;
			compatibilityVersion = "Xcode 3.2";
			developmentRegion = English;
			hasScannedForEncodings = 0;
			knownRegions = (
				en,
				Base,
			);
			mainGroup = 2A8C5B431C6C21C8001FF1ED;
			productRefGroup = 2A8C5B4D1C6C21C8001FF1ED /* Products */;
			projectDirPath = "";
			projectRoot = "";
			targets = (
				2A8C5B4B1C6C21C8001FF1ED /* SuperCool */,
			);
		};
/* End PBXProject section */

/* Begin PBXResourcesBuildPhase section */
		2A8C5B4A1C6C21C8001FF1ED /* Resources */ = {
			isa = PBXResourcesBuildPhase;
			buildActionMask = 2147483647;
			files = (
				2A8C5B5A1C6C21C8001FF1ED /* LaunchScreen.storyboard in Resources */,
				2A8C5B571C6C21C8001FF1ED /* Assets.xcassets in Resources */,
				2A8C5B551C6C21C8001FF1ED /* Main.storyboard in Resources */,
			);
			runOnlyForDeploymentPostprocessing = 0;
		};
/* End PBXResourcesBuildPhase section */

/* Begin PBXSourcesBuildPhase section */
		2A8C5B481C6C21C8001FF1ED /* Sources */ = {
			isa = PBXSourcesBuildPhase;
			buildActionMask = 2147483647;
			files = (
				2A8C5B521C6C21C8001FF1ED /* ViewController.swift in Sources */,
				2A8C5B501C6C21C8001FF1ED /* AppDelegate.swift in Sources */,
			);
			runOnlyForDeploymentPostprocessing = 0;
		};
/* End PBXSourcesBuildPhase section */

/* Begin PBXVariantGroup section */
		2A8C5B531C6C21C8001FF1ED /* Main.storyboard */ = {
			isa = PBXVariantGroup;
			children = (
				2A8C5B541C6C21C8001FF1ED /* Base */,
			);
			name = Main.storyboard;
			sourceTree = "<group>";
		};
		2A8C5B581C6C21C8001FF1ED /* LaunchScreen.storyboard */ = {
			isa = PBXVariantGroup;
			children = (
				2A8C5B591C6C21C8001FF1ED /* Base */,
			);
			name = LaunchScreen.storyboard;
			sourceTree = "<group>";
		};
/* End PBXVariantGroup section */

/* Begin XCBuildConfiguration section */
		2A8C5B5C1C6C21C8001FF1ED /* Debug */ = {
			isa = XCBuildConfiguration;
			buildSettings = {
				ALWAYS_SEARCH_USER_PATHS = NO;
				CLANG_CXX_LANGUAGE_STANDARD = "gnu++0x";
				CLANG_CXX_LIBRARY = "libc++";
				CLANG_ENABLE_MODULES = YES;
				CLANG_ENABLE_OBJC_ARC = YES;
				CLANG_WARN_BOOL_CONVERSION = YES;
				CLANG_WARN_CONSTANT_CONVERSION = YES;
				CLANG_WARN_DIRECT_OBJC_ISA_USAGE = YES_ERROR;
				CLANG_WARN_EMPTY_BODY = YES;
				CLANG_WARN_ENUM_CONVERSION = YES;
				CLANG_WARN_INT_CONVERSION = YES;
				CLANG_WARN_OBJC_ROOT_CLASS = YES_ERROR;
				CLANG_WARN_UNREACHABLE_CODE = YES;
				CLANG_WARN__DUPLICATE_METHOD_MATCH = YES;
				"CODE_SIGN_IDENTITY[sdk=iphoneos*]" = "iPhone Developer";
				COPY_PHASE_STRIP = NO;
				DEBUG_INFORMATION_FORMAT = dwarf;
				ENABLE_STRICT_OBJC_MSGSEND = YES;
				ENABLE_TESTABILITY = YES;
				GCC_C_LANGUAGE_STANDARD = gnu99;
				GCC_DYNAMIC_NO_PIC = NO;
				GCC_NO_COMMON_BLOCKS = YES;
				GCC_OPTIMIZATION_LEVEL = 0;
				GCC_PREPROCESSOR_DEFINITIONS = (
					"DEBUG=1",
					"$(inherited)",
				);
				GCC_WARN_64_TO_32_BIT_CONVERSION = YES;
				GCC_WARN_ABOUT_RETURN_TYPE = YES_ERROR;
				GCC_WARN_UNDECLARED_SELECTOR = YES;
				GCC_WARN_UNINITIALIZED_AUTOS = YES_AGGRESSIVE;
				GCC_WARN_UNUSED_FUNCTION = YES;
				GCC_WARN_UNUSED_VARIABLE = YES;
				IPHONEOS_DEPLOYMENT_TARGET = 9.2;
				MTL_ENABLE_DEBUG_INFO = YES;
				ONLY_ACTIVE_ARCH = YES;
				SDKROOT = iphoneos;
				SWIFT_OPTIMIZATION_LEVEL = "-Onone";
			};
			name = Debug;
		};
		2A8C5B5D1C6C21C8001FF1ED /* Release */ = {
			isa = XCBuildConfiguration;
			buildSettings = {
				ALWAYS_SEARCH_USER_PATHS = NO;
				CLANG_CXX_LANGUAGE_STANDARD = "gnu++0x";
				CLANG_CXX_LIBRARY = "libc++";
				CLANG_ENABLE_MODULES = YES;
				CLANG_ENABLE_OBJC_ARC = YES;
				CLANG_WARN_BOOL_CONVERSION = YES;
				CLANG_WARN_CONSTANT_CONVERSION = YES;
				CLANG_WARN_DIRECT_OBJC_ISA_USAGE = YES_ERROR;
				CLANG_WARN_EMPTY_BODY = YES;
				CLANG_WARN_ENUM_CONVERSION = YES;
				CLANG_WARN_INT_CONVERSION = YES;
				CLANG_WARN_OBJC_ROOT_CLASS = YES_ERROR;
				CLANG_WARN_UNREACHABLE_CODE = YES;
				CLANG_WARN__DUPLICATE_METHOD_MATCH = YES;
				"CODE_SIGN_IDENTITY[sdk=iphoneos*]" = "iPhone Developer";
				COPY_PHASE_STRIP = NO;
				DEBUG_INFORMATION_FORMAT = "dwarf-with-dsym";
				ENABLE_NS_ASSERTIONS = NO;
				ENABLE_STRICT_OBJC_MSGSEND = YES;
				GCC_C_LANGUAGE_STANDARD = gnu99;
				GCC_NO_COMMON_BLOCKS = YES;
				GCC_WARN_64_TO_32_BIT_CONVERSION = YES;
				GCC_WARN_ABOUT_RETURN_TYPE = YES_ERROR;
				GCC_WARN_UNDECLARED_SELECTOR = YES;
				GCC_WARN_UNINITIALIZED_AUTOS = YES_AGGRESSIVE;
				GCC_WARN_UNUSED_FUNCTION = YES;
				GCC_WARN_UNUSED_VARIABLE = YES;
				IPHONEOS_DEPLOYMENT_TARGET = 9.2;
				MTL_ENABLE_DEBUG_INFO = NO;
				SDKROOT = iphoneos;
				VALIDATE_PRODUCT = YES;
			};
			name = Release;
		};
		2A8C5B5F1C6C21C8001FF1ED /* Debug */ = {
			isa = XCBuildConfiguration;
			buildSettings = {
				ASSETCATALOG_COMPILER_APPICON_NAME = AppIcon;
				INFOPLIST_FILE = SuperCool/Info.plist;
				LD_RUNPATH_SEARCH_PATHS = "$(inherited) @executable_path/Frameworks";
				PRODUCT_BUNDLE_IDENTIFIER = com.lily.SuperCool;
				PRODUCT_NAME = "$(TARGET_NAME)";
				TARGETED_DEVICE_FAMILY = 1;
			};
			name = Debug;
		};
		2A8C5B601C6C21C8001FF1ED /* Release */ = {
			isa = XCBuildConfiguration;
			buildSettings = {
				ASSETCATALOG_COMPILER_APPICON_NAME = AppIcon;
				INFOPLIST_FILE = SuperCool/Info.plist;
				LD_RUNPATH_SEARCH_PATHS = "$(inherited) @executable_path/Frameworks";
				PRODUCT_BUNDLE_IDENTIFIER = com.lily.SuperCool;
				PRODUCT_NAME = "$(TARGET_NAME)";
				TARGETED_DEVICE_FAMILY = 1;
			};
			name = Release;
		};
/* End XCBuildConfiguration section */

/* Begin XCConfigurationList section */
		2A8C5B471C6C21C8001FF1ED /* Build configuration list for PBXProject "SuperCool" */ = {
			isa = XCConfigurationList;
			buildConfigurations = (
				2A8C5B5C1C6C21C8001FF1ED /* Debug */,
				2A8C5B5D1C6C21C8001FF1ED /* Release */,
			);
			defaultConfigurationIsVisible = 0;
			defaultConfigurationName = Release;
		};
		2A8C5B5E1C6C21C8001FF1ED /* Build configuration list for PBXNativeTarget "SuperCool" */ = {
			isa = XCConfigurationList;
			buildConfigurations = (
				2A8C5B5F1C6C21C8001FF1ED /* Debug */,
				2A8C5B601C6C21C8001FF1ED /* Release */,
			);
			defaultConfigurationIsVisible = 0;
		};
/* End XCConfigurationList section */
	};
	rootObject = 2A8C5B441C6C21C8001FF1ED /* Project object */;
}
